
Microsoft Visual Studio Solution File, Format Version 12.00
Project("{2150E333-8FDC-42A3-9474-1A3956D46DE8}") = "src", "src", "{827E0CD3-B72D-47B6-A68D-7590B98EB39B}"
EndProject
Project("{FAE04EC0-301F-11D3-BF4B-00C04F79EFBC}") = "DataHub.Domain", "src\DataHub.Domain\DataHub.Domain.csproj", "{69CEB2DD-8FA4-475F-B7E6-951E7B212F9C}"
EndProject
Project("{FAE04EC0-301F-11D3-BF4B-00C04F79EFBC}") = "DataHub.Application", "src\DataHub.Application\DataHub.Application.csproj", "{88212EF6-874D-4072-9AB0-BBFE5E247A34}"
EndProject
Project("{FAE04EC0-301F-11D3-BF4B-00C04F79EFBC}") = "DataHub.Infrastructure", "src\DataHub.Infrastructure\DataHub.Infrastructure.csproj", "{A7ADB4EE-1A4E-44E6-8C66-C0563F9CFFBB}"
EndProject
Project("{FAE04EC0-301F-11D3-BF4B-00C04F79EFBC}") = "DataHub.Auth", "src\DataHub.Auth\DataHub.Auth.csproj", "{FE217015-06E5-4D34-8B1F-E4700A52D62D}"
EndProject
Project("{FAE04EC0-301F-11D3-BF4B-00C04F79EFBC}") = "DataHub.DbUtils", "src\DataHub.DbUtils\DataHub.DbUtils.csproj", "{BEECCC18-704C-4110-843C-CA331AF88195}"
EndProject
Project("{FAE04EC0-301F-11D3-BF4B-00C04F79EFBC}") = "DataHub.ServiceDefaults", "src\DataHub.ServiceDefaults\DataHub.ServiceDefaults.csproj", "{26D88719-03C2-472F-AA08-31CE68BB8F5D}"
EndProject
Project("{FAE04EC0-301F-11D3-BF4B-00C04F79EFBC}") = "DataHub.Api", "src\DataHub.Api\DataHub.Api.csproj", "{58952C40-A24C-41CE-B6BE-38A91A5B9A91}"
EndProject
Project("{FAE04EC0-301F-11D3-BF4B-00C04F79EFBC}") = "DataHub.Webhook", "src\DataHub.Webhook\DataHub.Webhook.csproj", "{47198212-8741-42F9-BEB8-065248966928}"
EndProject
Project("{2150E333-8FDC-42A3-9474-1A3956D46DE8}") = "aspire", "aspire", "{64880D93-BAB4-FF83-898C-B934B68C31A9}"
EndProject
Project("{FAE04EC0-301F-11D3-BF4B-00C04F79EFBC}") = "DataHub.AppHost", "aspire\DataHub.AppHost\DataHub.AppHost.csproj", "{A2E0E935-434E-4574-8E9B-DAB799FA4475}"
EndProject
Project("{2150E333-8FDC-42A3-9474-1A3956D46DE8}") = "tests", "tests", "{0AB3BF05-4346-4AA6-1389-037BE0695223}"
EndProject
Project("{FAE04EC0-301F-11D3-BF4B-00C04F79EFBC}") = "DataHub.Api.Tests", "tests\DataHub.Api.Tests\DataHub.Api.Tests.csproj", "{07E02DDA-CCED-4383-8BE2-16063E2ECEAC}"
EndProject
Project("{FAE04EC0-301F-11D3-BF4B-00C04F79EFBC}") = "DataHub.Application.Tests", "tests\DataHub.Application.Tests\DataHub.Application.Tests.csproj", "{681088C0-EDEA-46B7-8884-E98404B4350A}"
EndProject
Project("{FAE04EC0-301F-11D3-BF4B-00C04F79EFBC}") = "DataHub.Domain.Tests", "tests\DataHub.Domain.Tests\DataHub.Domain.Tests.csproj", "{014FA6E9-DC4B-4F27-B937-93C978EFF977}"
EndProject
Project("{FAE04EC0-301F-11D3-BF4B-00C04F79EFBC}") = "DataHub.Infrastructure.Tests", "tests\DataHub.Infrastructure.Tests\DataHub.Infrastructure.Tests.csproj", "{3C39D9FD-3D8C-4C35-94FA-6519ED9C4F92}"
EndProject
Project("{FAE04EC0-301F-11D3-BF4B-00C04F79EFBC}") = "DataHub.IntegrationTests", "tests\DataHub.IntegrationTests\DataHub.IntegrationTests.csproj", "{320EB0D3-8BAD-4D8A-868C-4F878AE13D26}"
EndProject
Project("{FAE04EC0-301F-11D3-BF4B-00C04F79EFBC}") = "DataHub.Webhook.Tests", "tests\DataHub.Webhook.Tests\DataHub.Webhook.Tests.csproj", "{869D01CB-1084-4EC0-A912-20A1DDB438D6}"
EndProject
Project("{FAE04EC0-301F-11D3-BF4B-00C04F79EFBC}") = "DataHub.Auth.Tests", "tests\DataHub.Auth.Tests\DataHub.Auth.Tests.csproj", "{E80E433E-632C-40E8-B6B8-02C460156232}"
EndProject
Project("{FAE04EC0-301F-11D3-BF4B-00C04F79EFBC}") = "DataHub.DbUtils.Tests", "tests\DataHub.DbUtils.Tests\DataHub.DbUtils.Tests.csproj", "{122729A0-CDC8-4E2C-B63A-1440166A6DF8}"
EndProject
Global
	GlobalSection(SolutionConfigurationPlatforms) = preSolution
		Debug|Any CPU = Debug|Any CPU
		Debug|x64 = Debug|x64
		Debug|x86 = Debug|x86
		Release|Any CPU = Release|Any CPU
		Release|x64 = Release|x64
		Release|x86 = Release|x86
	EndGlobalSection
	GlobalSection(ProjectConfigurationPlatforms) = postSolution
		{69CEB2DD-8FA4-475F-B7E6-951E7B212F9C}.Debug|Any CPU.ActiveCfg = Debug|Any CPU
		{69CEB2DD-8FA4-475F-B7E6-951E7B212F9C}.Debug|Any CPU.Build.0 = Debug|Any CPU
		{69CEB2DD-8FA4-475F-B7E6-951E7B212F9C}.Debug|x64.ActiveCfg = Debug|Any CPU
		{69CEB2DD-8FA4-475F-B7E6-951E7B212F9C}.Debug|x64.Build.0 = Debug|Any CPU
		{69CEB2DD-8FA4-475F-B7E6-951E7B212F9C}.Debug|x86.ActiveCfg = Debug|Any CPU
		{69CEB2DD-8FA4-475F-B7E6-951E7B212F9C}.Debug|x86.Build.0 = Debug|Any CPU
		{69CEB2DD-8FA4-475F-B7E6-951E7B212F9C}.Release|Any CPU.ActiveCfg = Release|Any CPU
		{69CEB2DD-8FA4-475F-B7E6-951E7B212F9C}.Release|Any CPU.Build.0 = Release|Any CPU
		{69CEB2DD-8FA4-475F-B7E6-951E7B212F9C}.Release|x64.ActiveCfg = Release|Any CPU
		{69CEB2DD-8FA4-475F-B7E6-951E7B212F9C}.Release|x64.Build.0 = Release|Any CPU
		{69CEB2DD-8FA4-475F-B7E6-951E7B212F9C}.Release|x86.ActiveCfg = Release|Any CPU
		{69CEB2DD-8FA4-475F-B7E6-951E7B212F9C}.Release|x86.Build.0 = Release|Any CPU
		{88212EF6-874D-4072-9AB0-BBFE5E247A34}.Debug|Any CPU.ActiveCfg = Debug|Any CPU
		{88212EF6-874D-4072-9AB0-BBFE5E247A34}.Debug|Any CPU.Build.0 = Debug|Any CPU
		{88212EF6-874D-4072-9AB0-BBFE5E247A34}.Debug|x64.ActiveCfg = Debug|Any CPU
		{88212EF6-874D-4072-9AB0-BBFE5E247A34}.Debug|x64.Build.0 = Debug|Any CPU
		{88212EF6-874D-4072-9AB0-BBFE5E247A34}.Debug|x86.ActiveCfg = Debug|Any CPU
		{88212EF6-874D-4072-9AB0-BBFE5E247A34}.Debug|x86.Build.0 = Debug|Any CPU
		{88212EF6-874D-4072-9AB0-BBFE5E247A34}.Release|Any CPU.ActiveCfg = Release|Any CPU
		{88212EF6-874D-4072-9AB0-BBFE5E247A34}.Release|Any CPU.Build.0 = Release|Any CPU
		{88212EF6-874D-4072-9AB0-BBFE5E247A34}.Release|x64.ActiveCfg = Release|Any CPU
		{88212EF6-874D-4072-9AB0-BBFE5E247A34}.Release|x64.Build.0 = Release|Any CPU
		{88212EF6-874D-4072-9AB0-BBFE5E247A34}.Release|x86.ActiveCfg = Release|Any CPU
		{88212EF6-874D-4072-9AB0-BBFE5E247A34}.Release|x86.Build.0 = Release|Any CPU
		{A7ADB4EE-1A4E-44E6-8C66-C0563F9CFFBB}.Debug|Any CPU.ActiveCfg = Debug|Any CPU
		{A7ADB4EE-1A4E-44E6-8C66-C0563F9CFFBB}.Debug|Any CPU.Build.0 = Debug|Any CPU
		{A7ADB4EE-1A4E-44E6-8C66-C0563F9CFFBB}.Debug|x64.ActiveCfg = Debug|Any CPU
		{A7ADB4EE-1A4E-44E6-8C66-C0563F9CFFBB}.Debug|x64.Build.0 = Debug|Any CPU
		{A7ADB4EE-1A4E-44E6-8C66-C0563F9CFFBB}.Debug|x86.ActiveCfg = Debug|Any CPU
		{A7ADB4EE-1A4E-44E6-8C66-C0563F9CFFBB}.Debug|x86.Build.0 = Debug|Any CPU
		{A7ADB4EE-1A4E-44E6-8C66-C0563F9CFFBB}.Release|Any CPU.ActiveCfg = Release|Any CPU
		{A7ADB4EE-1A4E-44E6-8C66-C0563F9CFFBB}.Release|Any CPU.Build.0 = Release|Any CPU
		{A7ADB4EE-1A4E-44E6-8C66-C0563F9CFFBB}.Release|x64.ActiveCfg = Release|Any CPU
		{A7ADB4EE-1A4E-44E6-8C66-C0563F9CFFBB}.Release|x64.Build.0 = Release|Any CPU
		{A7ADB4EE-1A4E-44E6-8C66-C0563F9CFFBB}.Release|x86.ActiveCfg = Release|Any CPU
		{A7ADB4EE-1A4E-44E6-8C66-C0563F9CFFBB}.Release|x86.Build.0 = Release|Any CPU
		{FE217015-06E5-4D34-8B1F-E4700A52D62D}.Debug|Any CPU.ActiveCfg = Debug|Any CPU
		{FE217015-06E5-4D34-8B1F-E4700A52D62D}.Debug|Any CPU.Build.0 = Debug|Any CPU
		{FE217015-06E5-4D34-8B1F-E4700A52D62D}.Debug|x64.ActiveCfg = Debug|Any CPU
		{FE217015-06E5-4D34-8B1F-E4700A52D62D}.Debug|x64.Build.0 = Debug|Any CPU
		{FE217015-06E5-4D34-8B1F-E4700A52D62D}.Debug|x86.ActiveCfg = Debug|Any CPU
		{FE217015-06E5-4D34-8B1F-E4700A52D62D}.Debug|x86.Build.0 = Debug|Any CPU
		{FE217015-06E5-4D34-8B1F-E4700A52D62D}.Release|Any CPU.ActiveCfg = Release|Any CPU
		{FE217015-06E5-4D34-8B1F-E4700A52D62D}.Release|Any CPU.Build.0 = Release|Any CPU
		{FE217015-06E5-4D34-8B1F-E4700A52D62D}.Release|x64.ActiveCfg = Release|Any CPU
		{FE217015-06E5-4D34-8B1F-E4700A52D62D}.Release|x64.Build.0 = Release|Any CPU
		{FE217015-06E5-4D34-8B1F-E4700A52D62D}.Release|x86.ActiveCfg = Release|Any CPU
		{FE217015-06E5-4D34-8B1F-E4700A52D62D}.Release|x86.Build.0 = Release|Any CPU
		{BEECCC18-704C-4110-843C-CA331AF88195}.Debug|Any CPU.ActiveCfg = Debug|Any CPU
		{BEECCC18-704C-4110-843C-CA331AF88195}.Debug|Any CPU.Build.0 = Debug|Any CPU
		{BEECCC18-704C-4110-843C-CA331AF88195}.Debug|x64.ActiveCfg = Debug|Any CPU
		{BEECCC18-704C-4110-843C-CA331AF88195}.Debug|x64.Build.0 = Debug|Any CPU
		{BEECCC18-704C-4110-843C-CA331AF88195}.Debug|x86.ActiveCfg = Debug|Any CPU
		{BEECCC18-704C-4110-843C-CA331AF88195}.Debug|x86.Build.0 = Debug|Any CPU
		{BEECCC18-704C-4110-843C-CA331AF88195}.Release|Any CPU.ActiveCfg = Release|Any CPU
		{BEECCC18-704C-4110-843C-CA331AF88195}.Release|Any CPU.Build.0 = Release|Any CPU
		{BEECCC18-704C-4110-843C-CA331AF88195}.Release|x64.ActiveCfg = Release|Any CPU
		{BEECCC18-704C-4110-843C-CA331AF88195}.Release|x64.Build.0 = Release|Any CPU
		{BEECCC18-704C-4110-843C-CA331AF88195}.Release|x86.ActiveCfg = Release|Any CPU
		{BEECCC18-704C-4110-843C-CA331AF88195}.Release|x86.Build.0 = Release|Any CPU
		{26D88719-03C2-472F-AA08-31CE68BB8F5D}.Debug|Any CPU.ActiveCfg = Debug|Any CPU
		{26D88719-03C2-472F-AA08-31CE68BB8F5D}.Debug|Any CPU.Build.0 = Debug|Any CPU
		{26D88719-03C2-472F-AA08-31CE68BB8F5D}.Debug|x64.ActiveCfg = Debug|Any CPU
		{26D88719-03C2-472F-AA08-31CE68BB8F5D}.Debug|x64.Build.0 = Debug|Any CPU
		{26D88719-03C2-472F-AA08-31CE68BB8F5D}.Debug|x86.ActiveCfg = Debug|Any CPU
		{26D88719-03C2-472F-AA08-31CE68BB8F5D}.Debug|x86.Build.0 = Debug|Any CPU
		{26D88719-03C2-472F-AA08-31CE68BB8F5D}.Release|Any CPU.ActiveCfg = Release|Any CPU
		{26D88719-03C2-472F-AA08-31CE68BB8F5D}.Release|Any CPU.Build.0 = Release|Any CPU
		{26D88719-03C2-472F-AA08-31CE68BB8F5D}.Release|x64.ActiveCfg = Release|Any CPU
		{26D88719-03C2-472F-AA08-31CE68BB8F5D}.Release|x64.Build.0 = Release|Any CPU
		{26D88719-03C2-472F-AA08-31CE68BB8F5D}.Release|x86.ActiveCfg = Release|Any CPU
		{26D88719-03C2-472F-AA08-31CE68BB8F5D}.Release|x86.Build.0 = Release|Any CPU
		{58952C40-A24C-41CE-B6BE-38A91A5B9A91}.Debug|Any CPU.ActiveCfg = Debug|Any CPU
		{58952C40-A24C-41CE-B6BE-38A91A5B9A91}.Debug|Any CPU.Build.0 = Debug|Any CPU
		{58952C40-A24C-41CE-B6BE-38A91A5B9A91}.Debug|x64.ActiveCfg = Debug|Any CPU
		{58952C40-A24C-41CE-B6BE-38A91A5B9A91}.Debug|x64.Build.0 = Debug|Any CPU
		{58952C40-A24C-41CE-B6BE-38A91A5B9A91}.Debug|x86.ActiveCfg = Debug|Any CPU
		{58952C40-A24C-41CE-B6BE-38A91A5B9A91}.Debug|x86.Build.0 = Debug|Any CPU
		{58952C40-A24C-41CE-B6BE-38A91A5B9A91}.Release|Any CPU.ActiveCfg = Release|Any CPU
		{58952C40-A24C-41CE-B6BE-38A91A5B9A91}.Release|Any CPU.Build.0 = Release|Any CPU
		{58952C40-A24C-41CE-B6BE-38A91A5B9A91}.Release|x64.ActiveCfg = Release|Any CPU
		{58952C40-A24C-41CE-B6BE-38A91A5B9A91}.Release|x64.Build.0 = Release|Any CPU
		{58952C40-A24C-41CE-B6BE-38A91A5B9A91}.Release|x86.ActiveCfg = Release|Any CPU
		{58952C40-A24C-41CE-B6BE-38A91A5B9A91}.Release|x86.Build.0 = Release|Any CPU
		{47198212-8741-42F9-BEB8-065248966928}.Debug|Any CPU.ActiveCfg = Debug|Any CPU
		{47198212-8741-42F9-BEB8-065248966928}.Debug|Any CPU.Build.0 = Debug|Any CPU
		{47198212-8741-42F9-BEB8-065248966928}.Debug|x64.ActiveCfg = Debug|Any CPU
		{47198212-8741-42F9-BEB8-065248966928}.Debug|x64.Build.0 = Debug|Any CPU
		{47198212-8741-42F9-BEB8-065248966928}.Debug|x86.ActiveCfg = Debug|Any CPU
		{47198212-8741-42F9-BEB8-065248966928}.Debug|x86.Build.0 = Debug|Any CPU
		{47198212-8741-42F9-BEB8-065248966928}.Release|Any CPU.ActiveCfg = Release|Any CPU
		{47198212-8741-42F9-BEB8-065248966928}.Release|Any CPU.Build.0 = Release|Any CPU
		{47198212-8741-42F9-BEB8-065248966928}.Release|x64.ActiveCfg = Release|Any CPU
		{47198212-8741-42F9-BEB8-065248966928}.Release|x64.Build.0 = Release|Any CPU
		{47198212-8741-42F9-BEB8-065248966928}.Release|x86.ActiveCfg = Release|Any CPU
		{47198212-8741-42F9-BEB8-065248966928}.Release|x86.Build.0 = Release|Any CPU
		{A2E0E935-434E-4574-8E9B-DAB799FA4475}.Debug|Any CPU.ActiveCfg = Debug|Any CPU
		{A2E0E935-434E-4574-8E9B-DAB799FA4475}.Debug|Any CPU.Build.0 = Debug|Any CPU
		{A2E0E935-434E-4574-8E9B-DAB799FA4475}.Debug|x64.ActiveCfg = Debug|Any CPU
		{A2E0E935-434E-4574-8E9B-DAB799FA4475}.Debug|x64.Build.0 = Debug|Any CPU
		{A2E0E935-434E-4574-8E9B-DAB799FA4475}.Debug|x86.ActiveCfg = Debug|Any CPU
		{A2E0E935-434E-4574-8E9B-DAB799FA4475}.Debug|x86.Build.0 = Debug|Any CPU
		{A2E0E935-434E-4574-8E9B-DAB799FA4475}.Release|Any CPU.ActiveCfg = Release|Any CPU
		{A2E0E935-434E-4574-8E9B-DAB799FA4475}.Release|Any CPU.Build.0 = Release|Any CPU
		{A2E0E935-434E-4574-8E9B-DAB799FA4475}.Release|x64.ActiveCfg = Release|Any CPU
		{A2E0E935-434E-4574-8E9B-DAB799FA4475}.Release|x64.Build.0 = Release|Any CPU
		{A2E0E935-434E-4574-8E9B-DAB799FA4475}.Release|x86.ActiveCfg = Release|Any CPU
		{A2E0E935-434E-4574-8E9B-DAB799FA4475}.Release|x86.Build.0 = Release|Any CPU
		{07E02DDA-CCED-4383-8BE2-16063E2ECEAC}.Debug|Any CPU.ActiveCfg = Debug|Any CPU
		{07E02DDA-CCED-4383-8BE2-16063E2ECEAC}.Debug|Any CPU.Build.0 = Debug|Any CPU
		{07E02DDA-CCED-4383-8BE2-16063E2ECEAC}.Debug|x64.ActiveCfg = Debug|Any CPU
		{07E02DDA-CCED-4383-8BE2-16063E2ECEAC}.Debug|x64.Build.0 = Debug|Any CPU
		{07E02DDA-CCED-4383-8BE2-16063E2ECEAC}.Debug|x86.ActiveCfg = Debug|Any CPU
		{07E02DDA-CCED-4383-8BE2-16063E2ECEAC}.Debug|x86.Build.0 = Debug|Any CPU
		{07E02DDA-CCED-4383-8BE2-16063E2ECEAC}.Release|Any CPU.ActiveCfg = Release|Any CPU
		{07E02DDA-CCED-4383-8BE2-16063E2ECEAC}.Release|Any CPU.Build.0 = Release|Any CPU
		{07E02DDA-CCED-4383-8BE2-16063E2ECEAC}.Release|x64.ActiveCfg = Release|Any CPU
		{07E02DDA-CCED-4383-8BE2-16063E2ECEAC}.Release|x64.Build.0 = Release|Any CPU
		{07E02DDA-CCED-4383-8BE2-16063E2ECEAC}.Release|x86.ActiveCfg = Release|Any CPU
		{07E02DDA-CCED-4383-8BE2-16063E2ECEAC}.Release|x86.Build.0 = Release|Any CPU
		{681088C0-EDEA-46B7-8884-E98404B4350A}.Debug|Any CPU.ActiveCfg = Debug|Any CPU
		{681088C0-EDEA-46B7-8884-E98404B4350A}.Debug|Any CPU.Build.0 = Debug|Any CPU
		{681088C0-EDEA-46B7-8884-E98404B4350A}.Debug|x64.ActiveCfg = Debug|Any CPU
		{681088C0-EDEA-46B7-8884-E98404B4350A}.Debug|x64.Build.0 = Debug|Any CPU
		{681088C0-EDEA-46B7-8884-E98404B4350A}.Debug|x86.ActiveCfg = Debug|Any CPU
		{681088C0-EDEA-46B7-8884-E98404B4350A}.Debug|x86.Build.0 = Debug|Any CPU
		{681088C0-EDEA-46B7-8884-E98404B4350A}.Release|Any CPU.ActiveCfg = Release|Any CPU
		{681088C0-EDEA-46B7-8884-E98404B4350A}.Release|Any CPU.Build.0 = Release|Any CPU
		{681088C0-EDEA-46B7-8884-E98404B4350A}.Release|x64.ActiveCfg = Release|Any CPU
		{681088C0-EDEA-46B7-8884-E98404B4350A}.Release|x64.Build.0 = Release|Any CPU
		{681088C0-EDEA-46B7-8884-E98404B4350A}.Release|x86.ActiveCfg = Release|Any CPU
		{681088C0-EDEA-46B7-8884-E98404B4350A}.Release|x86.Build.0 = Release|Any CPU
		{014FA6E9-DC4B-4F27-B937-93C978EFF977}.Debug|Any CPU.ActiveCfg = Debug|Any CPU
		{014FA6E9-DC4B-4F27-B937-93C978EFF977}.Debug|Any CPU.Build.0 = Debug|Any CPU
		{014FA6E9-DC4B-4F27-B937-93C978EFF977}.Debug|x64.ActiveCfg = Debug|Any CPU
		{014FA6E9-DC4B-4F27-B937-93C978EFF977}.Debug|x64.Build.0 = Debug|Any CPU
		{014FA6E9-DC4B-4F27-B937-93C978EFF977}.Debug|x86.ActiveCfg = Debug|Any CPU
		{014FA6E9-DC4B-4F27-B937-93C978EFF977}.Debug|x86.Build.0 = Debug|Any CPU
		{014FA6E9-DC4B-4F27-B937-93C978EFF977}.Release|Any CPU.ActiveCfg = Release|Any CPU
		{014FA6E9-DC4B-4F27-B937-93C978EFF977}.Release|Any CPU.Build.0 = Release|Any CPU
		{014FA6E9-DC4B-4F27-B937-93C978EFF977}.Release|x64.ActiveCfg = Release|Any CPU
		{014FA6E9-DC4B-4F27-B937-93C978EFF977}.Release|x64.Build.0 = Release|Any CPU
		{014FA6E9-DC4B-4F27-B937-93C978EFF977}.Release|x86.ActiveCfg = Release|Any CPU
		{014FA6E9-DC4B-4F27-B937-93C978EFF977}.Release|x86.Build.0 = Release|Any CPU
		{3C39D9FD-3D8C-4C35-94FA-6519ED9C4F92}.Debug|Any CPU.ActiveCfg = Debug|Any CPU
		{3C39D9FD-3D8C-4C35-94FA-6519ED9C4F92}.Debug|Any CPU.Build.0 = Debug|Any CPU
		{3C39D9FD-3D8C-4C35-94FA-6519ED9C4F92}.Debug|x64.ActiveCfg = Debug|Any CPU
		{3C39D9FD-3D8C-4C35-94FA-6519ED9C4F92}.Debug|x64.Build.0 = Debug|Any CPU
		{3C39D9FD-3D8C-4C35-94FA-6519ED9C4F92}.Debug|x86.ActiveCfg = Debug|Any CPU
		{3C39D9FD-3D8C-4C35-94FA-6519ED9C4F92}.Debug|x86.Build.0 = Debug|Any CPU
		{3C39D9FD-3D8C-4C35-94FA-6519ED9C4F92}.Release|Any CPU.ActiveCfg = Release|Any CPU
		{3C39D9FD-3D8C-4C35-94FA-6519ED9C4F92}.Release|Any CPU.Build.0 = Release|Any CPU
		{3C39D9FD-3D8C-4C35-94FA-6519ED9C4F92}.Release|x64.ActiveCfg = Release|Any CPU
		{3C39D9FD-3D8C-4C35-94FA-6519ED9C4F92}.Release|x64.Build.0 = Release|Any CPU
		{3C39D9FD-3D8C-4C35-94FA-6519ED9C4F92}.Release|x86.ActiveCfg = Release|Any CPU
		{3C39D9FD-3D8C-4C35-94FA-6519ED9C4F92}.Release|x86.Build.0 = Release|Any CPU
		{320EB0D3-8BAD-4D8A-868C-4F878AE13D26}.Debug|Any CPU.ActiveCfg = Debug|Any CPU
		{320EB0D3-8BAD-4D8A-868C-4F878AE13D26}.Debug|Any CPU.Build.0 = Debug|Any CPU
		{320EB0D3-8BAD-4D8A-868C-4F878AE13D26}.Debug|x64.ActiveCfg = Debug|Any CPU
		{320EB0D3-8BAD-4D8A-868C-4F878AE13D26}.Debug|x64.Build.0 = Debug|Any CPU
		{320EB0D3-8BAD-4D8A-868C-4F878AE13D26}.Debug|x86.ActiveCfg = Debug|Any CPU
		{320EB0D3-8BAD-4D8A-868C-4F878AE13D26}.Debug|x86.Build.0 = Debug|Any CPU
		{320EB0D3-8BAD-4D8A-868C-4F878AE13D26}.Release|Any CPU.ActiveCfg = Release|Any CPU
		{320EB0D3-8BAD-4D8A-868C-4F878AE13D26}.Release|Any CPU.Build.0 = Release|Any CPU
		{320EB0D3-8BAD-4D8A-868C-4F878AE13D26}.Release|x64.ActiveCfg = Release|Any CPU
		{320EB0D3-8BAD-4D8A-868C-4F878AE13D26}.Release|x64.Build.0 = Release|Any CPU
		{320EB0D3-8BAD-4D8A-868C-4F878AE13D26}.Release|x86.ActiveCfg = Release|Any CPU
		{320EB0D3-8BAD-4D8A-868C-4F878AE13D26}.Release|x86.Build.0 = Release|Any CPU
		{869D01CB-1084-4EC0-A912-20A1DDB438D6}.Debug|Any CPU.ActiveCfg = Debug|Any CPU
		{869D01CB-1084-4EC0-A912-20A1DDB438D6}.Debug|Any CPU.Build.0 = Debug|Any CPU
		{869D01CB-1084-4EC0-A912-20A1DDB438D6}.Debug|x64.ActiveCfg = Debug|Any CPU
		{869D01CB-1084-4EC0-A912-20A1DDB438D6}.Debug|x64.Build.0 = Debug|Any CPU
		{869D01CB-1084-4EC0-A912-20A1DDB438D6}.Debug|x86.ActiveCfg = Debug|Any CPU
		{869D01CB-1084-4EC0-A912-20A1DDB438D6}.Debug|x86.Build.0 = Debug|Any CPU
		{869D01CB-1084-4EC0-A912-20A1DDB438D6}.Release|Any CPU.ActiveCfg = Release|Any CPU
		{869D01CB-1084-4EC0-A912-20A1DDB438D6}.Release|Any CPU.Build.0 = Release|Any CPU
		{869D01CB-1084-4EC0-A912-20A1DDB438D6}.Release|x64.ActiveCfg = Release|Any CPU
		{869D01CB-1084-4EC0-A912-20A1DDB438D6}.Release|x64.Build.0 = Release|Any CPU
		{869D01CB-1084-4EC0-A912-20A1DDB438D6}.Release|x86.ActiveCfg = Release|Any CPU
		{869D01CB-1084-4EC0-A912-20A1DDB438D6}.Release|x86.Build.0 = Release|Any CPU
		{E80E433E-632C-40E8-B6B8-02C460156232}.Debug|Any CPU.ActiveCfg = Debug|Any CPU
		{E80E433E-632C-40E8-B6B8-02C460156232}.Debug|Any CPU.Build.0 = Debug|Any CPU
		{E80E433E-632C-40E8-B6B8-02C460156232}.Debug|x64.ActiveCfg = Debug|Any CPU
		{E80E433E-632C-40E8-B6B8-02C460156232}.Debug|x64.Build.0 = Debug|Any CPU
		{E80E433E-632C-40E8-B6B8-02C460156232}.Debug|x86.ActiveCfg = Debug|Any CPU
		{E80E433E-632C-40E8-B6B8-02C460156232}.Debug|x86.Build.0 = Debug|Any CPU
		{E80E433E-632C-40E8-B6B8-02C460156232}.Release|Any CPU.ActiveCfg = Release|Any CPU
		{E80E433E-632C-40E8-B6B8-02C460156232}.Release|Any CPU.Build.0 = Release|Any CPU
		{E80E433E-632C-40E8-B6B8-02C460156232}.Release|x64.ActiveCfg = Release|Any CPU
		{E80E433E-632C-40E8-B6B8-02C460156232}.Release|x64.Build.0 = Release|Any CPU
		{E80E433E-632C-40E8-B6B8-02C460156232}.Release|x86.ActiveCfg = Release|Any CPU
		{E80E433E-632C-40E8-B6B8-02C460156232}.Release|x86.Build.0 = Release|Any CPU
		{122729A0-CDC8-4E2C-B63A-1440166A6DF8}.Debug|Any CPU.ActiveCfg = Debug|Any CPU
		{122729A0-CDC8-4E2C-B63A-1440166A6DF8}.Debug|Any CPU.Build.0 = Debug|Any CPU
		{122729A0-CDC8-4E2C-B63A-1440166A6DF8}.Debug|x64.ActiveCfg = Debug|Any CPU
		{122729A0-CDC8-4E2C-B63A-1440166A6DF8}.Debug|x64.Build.0 = Debug|Any CPU
		{122729A0-CDC8-4E2C-B63A-1440166A6DF8}.Debug|x86.ActiveCfg = Debug|Any CPU
		{122729A0-CDC8-4E2C-B63A-1440166A6DF8}.Debug|x86.Build.0 = Debug|Any CPU
		{122729A0-CDC8-4E2C-B63A-1440166A6DF8}.Release|Any CPU.ActiveCfg = Release|Any CPU
		{122729A0-CDC8-4E2C-B63A-1440166A6DF8}.Release|Any CPU.Build.0 = Release|Any CPU
		{122729A0-CDC8-4E2C-B63A-1440166A6DF8}.Release|x64.ActiveCfg = Release|Any CPU
		{122729A0-CDC8-4E2C-B63A-1440166A6DF8}.Release|x64.Build.0 = Release|Any CPU
		{122729A0-CDC8-4E2C-B63A-1440166A6DF8}.Release|x86.ActiveCfg = Release|Any CPU
		{122729A0-CDC8-4E2C-B63A-1440166A6DF8}.Release|x86.Build.0 = Release|Any CPU
	EndGlobalSection
	GlobalSection(SolutionProperties) = preSolution
		HideSolutionNode = FALSE
	EndGlobalSection
	GlobalSection(NestedProjects) = preSolution
		{69CEB2DD-8FA4-475F-B7E6-951E7B212F9C} = {827E0CD3-B72D-47B6-A68D-7590B98EB39B}
		{88212EF6-874D-4072-9AB0-BBFE5E247A34} = {827E0CD3-B72D-47B6-A68D-7590B98EB39B}
		{A7ADB4EE-1A4E-44E6-8C66-C0563F9CFFBB} = {827E0CD3-B72D-47B6-A68D-7590B98EB39B}
		{FE217015-06E5-4D34-8B1F-E4700A52D62D} = {827E0CD3-B72D-47B6-A68D-7590B98EB39B}
		{BEECCC18-704C-4110-843C-CA331AF88195} = {827E0CD3-B72D-47B6-A68D-7590B98EB39B}
		{26D88719-03C2-472F-AA08-31CE68BB8F5D} = {827E0CD3-B72D-47B6-A68D-7590B98EB39B}
		{58952C40-A24C-41CE-B6BE-38A91A5B9A91} = {827E0CD3-B72D-47B6-A68D-7590B98EB39B}
		{47198212-8741-42F9-BEB8-065248966928} = {827E0CD3-B72D-47B6-A68D-7590B98EB39B}
		{A2E0E935-434E-4574-8E9B-DAB799FA4475} = {64880D93-BAB4-FF83-898C-B934B68C31A9}
		{07E02DDA-CCED-4383-8BE2-16063E2ECEAC} = {0AB3BF05-4346-4AA6-1389-037BE0695223}
		{681088C0-EDEA-46B7-8884-E98404B4350A} = {0AB3BF05-4346-4AA6-1389-037BE0695223}
		{014FA6E9-DC4B-4F27-B937-93C978EFF977} = {0AB3BF05-4346-4AA6-1389-037BE0695223}
		{3C39D9FD-3D8C-4C35-94FA-6519ED9C4F92} = {0AB3BF05-4346-4AA6-1389-037BE0695223}
		{320EB0D3-8BAD-4D8A-868C-4F878AE13D26} = {0AB3BF05-4346-4AA6-1389-037BE0695223}
		{869D01CB-1084-4EC0-A912-20A1DDB438D6} = {0AB3BF05-4346-4AA6-1389-037BE0695223}
		{E80E433E-632C-40E8-B6B8-02C460156232} = {0AB3BF05-4346-4AA6-1389-037BE0695223}
		{122729A0-CDC8-4E2C-B63A-1440166A6DF8} = {0AB3BF05-4346-4AA6-1389-037BE0695223}
	EndGlobalSection
EndGlobal
